// !$*UTF8*$!
{
	archiveVersion = 1;
	classes = {
	};
	objectVersion = 50;
	objects = {

/* Begin PBXBuildFile section */
		266E439321CAE61600F02A7A /* AppDelegate.m in Sources */ = {isa = PBXBuildFile; fileRef = 266E439221CAE61600F02A7A /* AppDelegate.m */; };
		266E439921CAE61600F02A7A /* Main.storyboard in Resources */ = {isa = PBXBuildFile; fileRef = 266E439721CAE61600F02A7A /* Main.storyboard */; };
		266E439E21CAE61700F02A7A /* LaunchScreen.storyboard in Resources */ = {isa = PBXBuildFile; fileRef = 266E439C21CAE61700F02A7A /* LaunchScreen.storyboard */; };
		266E43A121CAE61700F02A7A /* main.m in Sources */ = {isa = PBXBuildFile; fileRef = 266E43A021CAE61700F02A7A /* main.m */; };
		266E43AA21CAE66200F02A7A /* BBMarsRover.m in Sources */ = {isa = PBXBuildFile; fileRef = 266E43A921CAE66200F02A7A /* BBMarsRover.m */; };
		266E43AF21CAE77A00F02A7A /* APIKeys.plist in Resources */ = {isa = PBXBuildFile; fileRef = 266E43AE21CAE77A00F02A7A /* APIKeys.plist */; };
		266E43B221CAEE0E00F02A7A /* BBRoverPhotos.m in Sources */ = {isa = PBXBuildFile; fileRef = 266E43B121CAEE0E00F02A7A /* BBRoverPhotos.m */; };
		266E43B521CAF16800F02A7A /* BBSolDescription.m in Sources */ = {isa = PBXBuildFile; fileRef = 266E43B421CAF16800F02A7A /* BBSolDescription.m */; };
		266E43B821CAFDE600F02A7A /* BBMarsRoverClient.m in Sources */ = {isa = PBXBuildFile; fileRef = 266E43B721CAFDE600F02A7A /* BBMarsRoverClient.m */; };
		266E43BB21CBE6E700F02A7A /* BBRoverTableViewController.m in Sources */ = {isa = PBXBuildFile; fileRef = 266E43BA21CBE6E700F02A7A /* BBRoverTableViewController.m */; };
		266E43C321CBEF7100F02A7A /* BBSolTableViewController.m in Sources */ = {isa = PBXBuildFile; fileRef = 266E43C221CBEF7100F02A7A /* BBSolTableViewController.m */; };
		266E43C621CBEFA000F02A7A /* BBPhotoCollectionViewController.m in Sources */ = {isa = PBXBuildFile; fileRef = 266E43C521CBEFA000F02A7A /* BBPhotoCollectionViewController.m */; };
		266FD2DE21CC38AE008CCD75 /* BBPhotoCache.m in Sources */ = {isa = PBXBuildFile; fileRef = 266FD2DD21CC38AE008CCD75 /* BBPhotoCache.m */; };
		266FD2E121CC47D0008CCD75 /* Assets.xcassets in Resources */ = {isa = PBXBuildFile; fileRef = 266FD2E021CC47D0008CCD75 /* Assets.xcassets */; };
		266FD2E421CC4AE9008CCD75 /* BBPhotoCollectionViewCell.m in Sources */ = {isa = PBXBuildFile; fileRef = 266FD2E321CC4AE9008CCD75 /* BBPhotoCollectionViewCell.m */; };
		266FD2E821CC53DA008CCD75 /* PhotoDetailViewController.swift in Sources */ = {isa = PBXBuildFile; fileRef = 266FD2E721CC53DA008CCD75 /* PhotoDetailViewController.swift */; };
/* End PBXBuildFile section */

/* Begin PBXFileReference section */
		266E438E21CAE61600F02A7A /* RoverHybrid.app */ = {isa = PBXFileReference; explicitFileType = wrapper.application; includeInIndex = 0; path = RoverHybrid.app; sourceTree = BUILT_PRODUCTS_DIR; };
		266E439121CAE61600F02A7A /* AppDelegate.h */ = {isa = PBXFileReference; lastKnownFileType = sourcecode.c.h; path = AppDelegate.h; sourceTree = "<group>"; };
		266E439221CAE61600F02A7A /* AppDelegate.m */ = {isa = PBXFileReference; lastKnownFileType = sourcecode.c.objc; path = AppDelegate.m; sourceTree = "<group>"; };
		266E439821CAE61600F02A7A /* Base */ = {isa = PBXFileReference; lastKnownFileType = file.storyboard; name = Base; path = Base.lproj/Main.storyboard; sourceTree = "<group>"; };
		266E439D21CAE61700F02A7A /* Base */ = {isa = PBXFileReference; lastKnownFileType = file.storyboard; name = Base; path = Base.lproj/LaunchScreen.storyboard; sourceTree = "<group>"; };
		266E439F21CAE61700F02A7A /* Info.plist */ = {isa = PBXFileReference; lastKnownFileType = text.plist.xml; path = Info.plist; sourceTree = "<group>"; };
		266E43A021CAE61700F02A7A /* main.m */ = {isa = PBXFileReference; lastKnownFileType = sourcecode.c.objc; path = main.m; sourceTree = "<group>"; };
		266E43A821CAE66200F02A7A /* BBMarsRover.h */ = {isa = PBXFileReference; lastKnownFileType = sourcecode.c.h; path = BBMarsRover.h; sourceTree = "<group>"; };
		266E43A921CAE66200F02A7A /* BBMarsRover.m */ = {isa = PBXFileReference; lastKnownFileType = sourcecode.c.objc; path = BBMarsRover.m; sourceTree = "<group>"; };
		266E43AE21CAE77A00F02A7A /* APIKeys.plist */ = {isa = PBXFileReference; fileEncoding = 4; lastKnownFileType = text.plist.xml; path = APIKeys.plist; sourceTree = "<group>"; };
		266E43B021CAEE0E00F02A7A /* BBRoverPhotos.h */ = {isa = PBXFileReference; lastKnownFileType = sourcecode.c.h; path = BBRoverPhotos.h; sourceTree = "<group>"; };
		266E43B121CAEE0E00F02A7A /* BBRoverPhotos.m */ = {isa = PBXFileReference; lastKnownFileType = sourcecode.c.objc; path = BBRoverPhotos.m; sourceTree = "<group>"; };
		266E43B321CAF16800F02A7A /* BBSolDescription.h */ = {isa = PBXFileReference; lastKnownFileType = sourcecode.c.h; path = BBSolDescription.h; sourceTree = "<group>"; };
		266E43B421CAF16800F02A7A /* BBSolDescription.m */ = {isa = PBXFileReference; lastKnownFileType = sourcecode.c.objc; path = BBSolDescription.m; sourceTree = "<group>"; };
		266E43B621CAFDE600F02A7A /* BBMarsRoverClient.h */ = {isa = PBXFileReference; lastKnownFileType = sourcecode.c.h; path = BBMarsRoverClient.h; sourceTree = "<group>"; };
		266E43B721CAFDE600F02A7A /* BBMarsRoverClient.m */ = {isa = PBXFileReference; lastKnownFileType = sourcecode.c.objc; path = BBMarsRoverClient.m; sourceTree = "<group>"; };
		266E43B921CBE6E700F02A7A /* BBRoverTableViewController.h */ = {isa = PBXFileReference; lastKnownFileType = sourcecode.c.h; path = BBRoverTableViewController.h; sourceTree = "<group>"; };
		266E43BA21CBE6E700F02A7A /* BBRoverTableViewController.m */ = {isa = PBXFileReference; lastKnownFileType = sourcecode.c.objc; path = BBRoverTableViewController.m; sourceTree = "<group>"; };
		266E43C121CBEF7100F02A7A /* BBSolTableViewController.h */ = {isa = PBXFileReference; lastKnownFileType = sourcecode.c.h; path = BBSolTableViewController.h; sourceTree = "<group>"; };
		266E43C221CBEF7100F02A7A /* BBSolTableViewController.m */ = {isa = PBXFileReference; lastKnownFileType = sourcecode.c.objc; path = BBSolTableViewController.m; sourceTree = "<group>"; };
		266E43C421CBEFA000F02A7A /* BBPhotoCollectionViewController.h */ = {isa = PBXFileReference; lastKnownFileType = sourcecode.c.h; path = BBPhotoCollectionViewController.h; sourceTree = "<group>"; };
		266E43C521CBEFA000F02A7A /* BBPhotoCollectionViewController.m */ = {isa = PBXFileReference; lastKnownFileType = sourcecode.c.objc; path = BBPhotoCollectionViewController.m; sourceTree = "<group>"; };
		266FD2DC21CC38AE008CCD75 /* BBPhotoCache.h */ = {isa = PBXFileReference; lastKnownFileType = sourcecode.c.h; path = BBPhotoCache.h; sourceTree = "<group>"; };
		266FD2DD21CC38AE008CCD75 /* BBPhotoCache.m */ = {isa = PBXFileReference; lastKnownFileType = sourcecode.c.objc; path = BBPhotoCache.m; sourceTree = "<group>"; };
		266FD2E021CC47D0008CCD75 /* Assets.xcassets */ = {isa = PBXFileReference; lastKnownFileType = folder.assetcatalog; path = Assets.xcassets; sourceTree = "<group>"; };
		266FD2E221CC4AE9008CCD75 /* BBPhotoCollectionViewCell.h */ = {isa = PBXFileReference; lastKnownFileType = sourcecode.c.h; path = BBPhotoCollectionViewCell.h; sourceTree = "<group>"; };
		266FD2E321CC4AE9008CCD75 /* BBPhotoCollectionViewCell.m */ = {isa = PBXFileReference; lastKnownFileType = sourcecode.c.objc; path = BBPhotoCollectionViewCell.m; sourceTree = "<group>"; };
		266FD2E621CC53DA008CCD75 /* RoverHybrid-Bridging-Header.h */ = {isa = PBXFileReference; lastKnownFileType = sourcecode.c.h; path = "RoverHybrid-Bridging-Header.h"; sourceTree = "<group>"; };
		266FD2E721CC53DA008CCD75 /* PhotoDetailViewController.swift */ = {isa = PBXFileReference; lastKnownFileType = sourcecode.swift; path = PhotoDetailViewController.swift; sourceTree = "<group>"; };
/* End PBXFileReference section */

/* Begin PBXFrameworksBuildPhase section */
		266E438B21CAE61600F02A7A /* Frameworks */ = {
			isa = PBXFrameworksBuildPhase;
			buildActionMask = 2147483647;
			files = (
			);
			runOnlyForDeploymentPostprocessing = 0;
		};
/* End PBXFrameworksBuildPhase section */

/* Begin PBXGroup section */
		266E438521CAE61600F02A7A = {
			isa = PBXGroup;
			children = (
				266E439021CAE61600F02A7A /* RoverHybrid */,
				266E438F21CAE61600F02A7A /* Products */,
			);
			sourceTree = "<group>";
		};
		266E438F21CAE61600F02A7A /* Products */ = {
			isa = PBXGroup;
			children = (
				266E438E21CAE61600F02A7A /* RoverHybrid.app */,
			);
			name = Products;
			sourceTree = "<group>";
		};
		266E439021CAE61600F02A7A /* RoverHybrid */ = {
			isa = PBXGroup;
			children = (
				266E439121CAE61600F02A7A /* AppDelegate.h */,
				266E439221CAE61600F02A7A /* AppDelegate.m */,
				266E43B621CAFDE600F02A7A /* BBMarsRoverClient.h */,
				266E43B721CAFDE600F02A7A /* BBMarsRoverClient.m */,
				266E43A721CAE63100F02A7A /* Resources */,
				266E43AB21CAE66D00F02A7A /* Models */,
				266E43BD21CBE70200F02A7A /* ViewControllers */,
				266FD2DF21CC38BB008CCD75 /* ModelControllers */,
				266FD2E521CC4AF0008CCD75 /* Views */,
			);
			path = RoverHybrid;
			sourceTree = "<group>";
		};
		266E43A721CAE63100F02A7A /* Resources */ = {
			isa = PBXGroup;
			children = (
				266E439721CAE61600F02A7A /* Main.storyboard */,
				266FD2E021CC47D0008CCD75 /* Assets.xcassets */,
				266E439C21CAE61700F02A7A /* LaunchScreen.storyboard */,
				266E439F21CAE61700F02A7A /* Info.plist */,
				266E43AE21CAE77A00F02A7A /* APIKeys.plist */,
				266E43A021CAE61700F02A7A /* main.m */,
			);
			path = Resources;
			sourceTree = "<group>";
		};
		266E43AB21CAE66D00F02A7A /* Models */ = {
			isa = PBXGroup;
			children = (
				266E43A821CAE66200F02A7A /* BBMarsRover.h */,
				266E43A921CAE66200F02A7A /* BBMarsRover.m */,
				266E43B021CAEE0E00F02A7A /* BBRoverPhotos.h */,
				266E43B121CAEE0E00F02A7A /* BBRoverPhotos.m */,
				266E43B321CAF16800F02A7A /* BBSolDescription.h */,
				266E43B421CAF16800F02A7A /* BBSolDescription.m */,
			);
			path = Models;
			sourceTree = "<group>";
		};
		266E43BD21CBE70200F02A7A /* ViewControllers */ = {
			isa = PBXGroup;
			children = (
				266E43B921CBE6E700F02A7A /* BBRoverTableViewController.h */,
				266E43BA21CBE6E700F02A7A /* BBRoverTableViewController.m */,
				266E43C121CBEF7100F02A7A /* BBSolTableViewController.h */,
				266E43C221CBEF7100F02A7A /* BBSolTableViewController.m */,
				266E43C421CBEFA000F02A7A /* BBPhotoCollectionViewController.h */,
				266E43C521CBEFA000F02A7A /* BBPhotoCollectionViewController.m */,
				266FD2E721CC53DA008CCD75 /* PhotoDetailViewController.swift */,
				266FD2E621CC53DA008CCD75 /* RoverHybrid-Bridging-Header.h */,
			);
			path = ViewControllers;
			sourceTree = "<group>";
		};
		266FD2DF21CC38BB008CCD75 /* ModelControllers */ = {
			isa = PBXGroup;
			children = (
				266FD2DC21CC38AE008CCD75 /* BBPhotoCache.h */,
				266FD2DD21CC38AE008CCD75 /* BBPhotoCache.m */,
			);
			path = ModelControllers;
			sourceTree = "<group>";
		};
		266FD2E521CC4AF0008CCD75 /* Views */ = {
			isa = PBXGroup;
			children = (
				266FD2E221CC4AE9008CCD75 /* BBPhotoCollectionViewCell.h */,
				266FD2E321CC4AE9008CCD75 /* BBPhotoCollectionViewCell.m */,
			);
			path = Views;
			sourceTree = "<group>";
		};
/* End PBXGroup section */

/* Begin PBXNativeTarget section */
		266E438D21CAE61600F02A7A /* RoverHybrid */ = {
			isa = PBXNativeTarget;
			buildConfigurationList = 266E43A421CAE61700F02A7A /* Build configuration list for PBXNativeTarget "RoverHybrid" */;
			buildPhases = (
				266E438A21CAE61600F02A7A /* Sources */,
				266E438B21CAE61600F02A7A /* Frameworks */,
				266E438C21CAE61600F02A7A /* Resources */,
			);
			buildRules = (
			);
			dependencies = (
			);
			name = RoverHybrid;
			productName = RoverHybrid;
			productReference = 266E438E21CAE61600F02A7A /* RoverHybrid.app */;
			productType = "com.apple.product-type.application";
		};
/* End PBXNativeTarget section */

/* Begin PBXProject section */
		266E438621CAE61600F02A7A /* Project object */ = {
			isa = PBXProject;
			attributes = {
				LastUpgradeCheck = 1010;
				ORGANIZATIONNAME = Brady;
				TargetAttributes = {
					266E438D21CAE61600F02A7A = {
						CreatedOnToolsVersion = 10.1;
						LastSwiftMigration = 1010;
					};
				};
			};
			buildConfigurationList = 266E438921CAE61600F02A7A /* Build configuration list for PBXProject "RoverHybrid" */;
			compatibilityVersion = "Xcode 9.3";
			developmentRegion = en;
			hasScannedForEncodings = 0;
			knownRegions = (
				en,
				Base,
			);
			mainGroup = 266E438521CAE61600F02A7A;
			productRefGroup = 266E438F21CAE61600F02A7A /* Products */;
			projectDirPath = "";
			projectRoot = "";
			targets = (
				266E438D21CAE61600F02A7A /* RoverHybrid */,
			);
		};
/* End PBXProject section */

/* Begin PBXResourcesBuildPhase section */
		266E438C21CAE61600F02A7A /* Resources */ = {
			isa = PBXResourcesBuildPhase;
			buildActionMask = 2147483647;
			files = (
				266E439E21CAE61700F02A7A /* LaunchScreen.storyboard in Resources */,
				266E43AF21CAE77A00F02A7A /* APIKeys.plist in Resources */,
				266FD2E121CC47D0008CCD75 /* Assets.xcassets in Resources */,
				266E439921CAE61600F02A7A /* Main.storyboard in Resources */,
			);
			runOnlyForDeploymentPostprocessing = 0;
		};
/* End PBXResourcesBuildPhase section */

/* Begin PBXSourcesBuildPhase section */
		266E438A21CAE61600F02A7A /* Sources */ = {
			isa = PBXSourcesBuildPhase;
			buildActionMask = 2147483647;
			files = (
				266E43B821CAFDE600F02A7A /* BBMarsRoverClient.m in Sources */,
				266E43AA21CAE66200F02A7A /* BBMarsRover.m in Sources */,
				266E43C621CBEFA000F02A7A /* BBPhotoCollectionViewController.m in Sources */,
				266E43B221CAEE0E00F02A7A /* BBRoverPhotos.m in Sources */,
				266FD2E421CC4AE9008CCD75 /* BBPhotoCollectionViewCell.m in Sources */,
				266E43A121CAE61700F02A7A /* main.m in Sources */,
				266FD2E821CC53DA008CCD75 /* PhotoDetailViewController.swift in Sources */,
				266FD2DE21CC38AE008CCD75 /* BBPhotoCache.m in Sources */,
				266E43B521CAF16800F02A7A /* BBSolDescription.m in Sources */,
				266E43BB21CBE6E700F02A7A /* BBRoverTableViewController.m in Sources */,
				266E43C321CBEF7100F02A7A /* BBSolTableViewController.m in Sources */,
				266E439321CAE61600F02A7A /* AppDelegate.m in Sources */,
			);
			runOnlyForDeploymentPostprocessing = 0;
		};
/* End PBXSourcesBuildPhase section */

/* Begin PBXVariantGroup section */
		266E439721CAE61600F02A7A /* Main.storyboard */ = {
			isa = PBXVariantGroup;
			children = (
				266E439821CAE61600F02A7A /* Base */,
			);
			name = Main.storyboard;
			sourceTree = "<group>";
		};
		266E439C21CAE61700F02A7A /* LaunchScreen.storyboard */ = {
			isa = PBXVariantGroup;
			children = (
				266E439D21CAE61700F02A7A /* Base */,
			);
			name = LaunchScreen.storyboard;
			sourceTree = "<group>";
		};
/* End PBXVariantGroup section */

/* Begin XCBuildConfiguration section */
		266E43A221CAE61700F02A7A /* Debug */ = {
			isa = XCBuildConfiguration;
			buildSettings = {
				ALWAYS_SEARCH_USER_PATHS = NO;
				CLANG_ANALYZER_NONNULL = YES;
				CLANG_ANALYZER_NUMBER_OBJECT_CONVERSION = YES_AGGRESSIVE;
				CLANG_CXX_LANGUAGE_STANDARD = "gnu++14";
				CLANG_CXX_LIBRARY = "libc++";
				CLANG_ENABLE_MODULES = YES;
				CLANG_ENABLE_OBJC_ARC = YES;
				CLANG_ENABLE_OBJC_WEAK = YES;
				CLANG_WARN_BLOCK_CAPTURE_AUTORELEASING = YES;
				CLANG_WARN_BOOL_CONVERSION = YES;
				CLANG_WARN_COMMA = YES;
				CLANG_WARN_CONSTANT_CONVERSION = YES;
				CLANG_WARN_DEPRECATED_OBJC_IMPLEMENTATIONS = YES;
				CLANG_WARN_DIRECT_OBJC_ISA_USAGE = YES_ERROR;
				CLANG_WARN_DOCUMENTATION_COMMENTS = YES;
				CLANG_WARN_EMPTY_BODY = YES;
				CLANG_WARN_ENUM_CONVERSION = YES;
				CLANG_WARN_INFINITE_RECURSION = YES;
				CLANG_WARN_INT_CONVERSION = YES;
				CLANG_WARN_NON_LITERAL_NULL_CONVERSION = YES;
				CLANG_WARN_OBJC_IMPLICIT_RETAIN_SELF = YES;
				CLANG_WARN_OBJC_LITERAL_CONVERSION = YES;
				CLANG_WARN_OBJC_ROOT_CLASS = YES_ERROR;
				CLANG_WARN_RANGE_LOOP_ANALYSIS = YES;
				CLANG_WARN_STRICT_PROTOTYPES = YES;
				CLANG_WARN_SUSPICIOUS_MOVE = YES;
				CLANG_WARN_UNGUARDED_AVAILABILITY = YES_AGGRESSIVE;
				CLANG_WARN_UNREACHABLE_CODE = YES;
				CLANG_WARN__DUPLICATE_METHOD_MATCH = YES;
				CODE_SIGN_IDENTITY = "iPhone Developer";
				COPY_PHASE_STRIP = NO;
				DEBUG_INFORMATION_FORMAT = dwarf;
				ENABLE_STRICT_OBJC_MSGSEND = YES;
				ENABLE_TESTABILITY = YES;
				GCC_C_LANGUAGE_STANDARD = gnu11;
				GCC_DYNAMIC_NO_PIC = NO;
				GCC_NO_COMMON_BLOCKS = YES;
				GCC_OPTIMIZATION_LEVEL = 0;
				GCC_PREPROCESSOR_DEFINITIONS = (
					"DEBUG=1",
					"$(inherited)",
				);
				GCC_WARN_64_TO_32_BIT_CONVERSION = YES;
				GCC_WARN_ABOUT_RETURN_TYPE = YES_ERROR;
				GCC_WARN_UNDECLARED_SELECTOR = YES;
				GCC_WARN_UNINITIALIZED_AUTOS = YES_AGGRESSIVE;
				GCC_WARN_UNUSED_FUNCTION = YES;
				GCC_WARN_UNUSED_VARIABLE = YES;
				IPHONEOS_DEPLOYMENT_TARGET = 12.1;
				MTL_ENABLE_DEBUG_INFO = INCLUDE_SOURCE;
				MTL_FAST_MATH = YES;
				ONLY_ACTIVE_ARCH = YES;
				SDKROOT = iphoneos;
			};
			name = Debug;
		};
		266E43A321CAE61700F02A7A /* Release */ = {
			isa = XCBuildConfiguration;
			buildSettings = {
				ALWAYS_SEARCH_USER_PATHS = NO;
				CLANG_ANALYZER_NONNULL = YES;
				CLANG_ANALYZER_NUMBER_OBJECT_CONVERSION = YES_AGGRESSIVE;
				CLANG_CXX_LANGUAGE_STANDARD = "gnu++14";
				CLANG_CXX_LIBRARY = "libc++";
				CLANG_ENABLE_MODULES = YES;
				CLANG_ENABLE_OBJC_ARC = YES;
				CLANG_ENABLE_OBJC_WEAK = YES;
				CLANG_WARN_BLOCK_CAPTURE_AUTORELEASING = YES;
				CLANG_WARN_BOOL_CONVERSION = YES;
				CLANG_WARN_COMMA = YES;
				CLANG_WARN_CONSTANT_CONVERSION = YES;
				CLANG_WARN_DEPRECATED_OBJC_IMPLEMENTATIONS = YES;
				CLANG_WARN_DIRECT_OBJC_ISA_USAGE = YES_ERROR;
				CLANG_WARN_DOCUMENTATION_COMMENTS = YES;
				CLANG_WARN_EMPTY_BODY = YES;
				CLANG_WARN_ENUM_CONVERSION = YES;
				CLANG_WARN_INFINITE_RECURSION = YES;
				CLANG_WARN_INT_CONVERSION = YES;
				CLANG_WARN_NON_LITERAL_NULL_CONVERSION = YES;
				CLANG_WARN_OBJC_IMPLICIT_RETAIN_SELF = YES;
				CLANG_WARN_OBJC_LITERAL_CONVERSION = YES;
				CLANG_WARN_OBJC_ROOT_CLASS = YES_ERROR;
				CLANG_WARN_RANGE_LOOP_ANALYSIS = YES;
				CLANG_WARN_STRICT_PROTOTYPES = YES;
				CLANG_WARN_SUSPICIOUS_MOVE = YES;
				CLANG_WARN_UNGUARDED_AVAILABILITY = YES_AGGRESSIVE;
				CLANG_WARN_UNREACHABLE_CODE = YES;
				CLANG_WARN__DUPLICATE_METHOD_MATCH = YES;
				CODE_SIGN_IDENTITY = "iPhone Developer";
				COPY_PHASE_STRIP = NO;
				DEBUG_INFORMATION_FORMAT = "dwarf-with-dsym";
				ENABLE_NS_ASSERTIONS = NO;
				ENABLE_STRICT_OBJC_MSGSEND = YES;
				GCC_C_LANGUAGE_STANDARD = gnu11;
				GCC_NO_COMMON_BLOCKS = YES;
				GCC_WARN_64_TO_32_BIT_CONVERSION = YES;
				GCC_WARN_ABOUT_RETURN_TYPE = YES_ERROR;
				GCC_WARN_UNDECLARED_SELECTOR = YES;
				GCC_WARN_UNINITIALIZED_AUTOS = YES_AGGRESSIVE;
				GCC_WARN_UNUSED_FUNCTION = YES;
				GCC_WARN_UNUSED_VARIABLE = YES;
				IPHONEOS_DEPLOYMENT_TARGET = 12.1;
				MTL_ENABLE_DEBUG_INFO = NO;
				MTL_FAST_MATH = YES;
				SDKROOT = iphoneos;
				VALIDATE_PRODUCT = YES;
			};
			name = Release;
		};
		266E43A521CAE61700F02A7A /* Debug */ = {
			isa = XCBuildConfiguration;
			buildSettings = {
				ASSETCATALOG_COMPILER_APPICON_NAME = AppIcon;
				CLANG_ENABLE_MODULES = YES;
				CODE_SIGN_STYLE = Automatic;
				INFOPLIST_FILE = "$(SRCROOT)/RoverHybrid/Resources/Info.plist";
				LD_RUNPATH_SEARCH_PATHS = (
					"$(inherited)",
					"@executable_path/Frameworks",
				);
				PRODUCT_BUNDLE_IDENTIFIER = com.bradybentley.RoverHybrid;
				PRODUCT_NAME = "$(TARGET_NAME)";
				SWIFT_OBJC_BRIDGING_HEADER = "RoverHybrid/ViewControllers/RoverHybrid-Bridging-Header.h";
				SWIFT_OPTIMIZATION_LEVEL = "-Onone";
				SWIFT_VERSION = 4.2;
				TARGETED_DEVICE_FAMILY = "1,2";
			};
			name = Debug;
		};
		266E43A621CAE61700F02A7A /* Release */ = {
			isa = XCBuildConfiguration;
			buildSettings = {
				ASSETCATALOG_COMPILER_APPICON_NAME = AppIcon;
				CLANG_ENABLE_MODULES = YES;
				CODE_SIGN_STYLE = Automatic;
				INFOPLIST_FILE = "$(SRCROOT)/RoverHybrid/Resources/Info.plist";
				LD_RUNPATH_SEARCH_PATHS = (
					"$(inherited)",
					"@executable_path/Frameworks",
				);
				PRODUCT_BUNDLE_IDENTIFIER = com.bradybentley.RoverHybrid;
				PRODUCT_NAME = "$(TARGET_NAME)";
				SWIFT_OBJC_BRIDGING_HEADER = "RoverHybrid/ViewControllers/RoverHybrid-Bridging-Header.h";
				SWIFT_VERSION = 4.2;
				TARGETED_DEVICE_FAMILY = "1,2";
			};
			name = Release;
		};
/* End XCBuildConfiguration section */

/* Begin XCConfigurationList section */
		266E438921CAE61600F02A7A /* Build configuration list for PBXProject "RoverHybrid" */ = {
			isa = XCConfigurationList;
			buildConfigurations = (
				266E43A221CAE61700F02A7A /* Debug */,
				266E43A321CAE61700F02A7A /* Release */,
			);
			defaultConfigurationIsVisible = 0;
			defaultConfigurationName = Release;
		};
		266E43A421CAE61700F02A7A /* Build configuration list for PBXNativeTarget "RoverHybrid" */ = {
			isa = XCConfigurationList;
			buildConfigurations = (
				266E43A521CAE61700F02A7A /* Debug */,
				266E43A621CAE61700F02A7A /* Release */,
			);
			defaultConfigurationIsVisible = 0;
			defaultConfigurationName = Release;
		};
/* End XCConfigurationList section */
	};
	rootObject = 266E438621CAE61600F02A7A /* Project object */;
}
